# THIS IS AN AUTOGENERATED FILE. DO NOT EDIT THIS FILE DIRECTLY.
# yarn lockfile v1


"@types/node@^10.5.1":
  version "10.10.3"
  resolved "https://registry.yarnpkg.com/@types/node/-/node-10.10.3.tgz#09c75a4ad84d6a3d286790bdd9489a4f8ee9906c"

typescript@~3.0.0:
  version "3.0.3"
  resolved "https://registry.yarnpkg.com/typescript/-/typescript-3.0.3.tgz#4853b3e275ecdaa27f78fda46dc273a7eb7fc1c8"
