{
  "name": "TypeScript_Quickly_chapter7",
  "version": "1.0.0",
  "lockfileVersion": 1,
  "requires": true,
  "dependencies": {
    "@types/node": {
      "version": "10.11.4",
      "resolved": "https://registry.npmjs.org/@types/node/-/node-10.11.4.tgz",
      "integrity": "sha512-ojnbBiKkZFYRfQpmtnnWTMw+rzGp/JiystjluW9jgN3VzRwilXddJ6aGQ9V/7iuDG06SBgn7ozW9k3zcAnYjYQ==",
      "dev": true
    },
    "typescript": {
      "version": "3.0.3",
      "resolved": "https://registry.npmjs.org/typescript/-/typescript-3.0.3.tgz",
      "integrity": "sha512-kk80vLW9iGtjMnIv11qyxLqZm20UklzuR2tL0QAnDIygIUIemcZMxlMWudl9OOt76H3ntVzcTiddQ1/pAAJMYg==",
      "dev": true
    }
  }
}
